
Microsoft Visual Studio Solution File, Format Version 12.00
# Visual Studio Version 17
VisualStudioVersion = 17.13.35919.96
MinimumVisualStudioVersion = 10.0.40219.1
Project("{54A90642-561A-4BB1-A94E-469ADEE60C69}") = "portfolio", "portfolio.esproj", "{A97500C0-D17E-E859-BBA0-F4ACC6225985}"
EndProject
Global
	GlobalSection(SolutionConfigurationPlatforms) = preSolution
		Debug|Any CPU = Debug|Any CPU
		Release|Any CPU = Release|Any CPU
	EndGlobalSection
	GlobalSection(ProjectConfigurationPlatforms) = postSolution
		{A97500C0-D17E-E859-BBA0-F4ACC6225985}.Debug|Any CPU.ActiveCfg = Debug|Any CPU
		{A97500C0-D17E-E859-BBA0-F4ACC6225985}.Debug|Any CPU.Build.0 = Debug|Any CPU
		{A97500C0-D17E-E859-BBA0-F4ACC6225985}.Debug|Any CPU.Deploy.0 = Debug|Any CPU
		{A97500C0-D17E-E859-BBA0-F4ACC6225985}.Release|Any CPU.ActiveCfg = Release|Any CPU
		{A97500C0-D17E-E859-BBA0-F4ACC6225985}.Release|Any CPU.Build.0 = Release|Any CPU
		{A97500C0-D17E-E859-BBA0-F4ACC6225985}.Release|Any CPU.Deploy.0 = Release|Any CPU
	EndGlobalSection
	GlobalSection(SolutionProperties) = preSolution
		HideSolutionNode = FALSE
	EndGlobalSection
	GlobalSection(ExtensibilityGlobals) = postSolution
		SolutionGuid = {B8E6701B-51B6-4490-AFCC-4268CE7D6761}
	EndGlobalSection
EndGlobal
